<?xml version="1.0" encoding="utf-8"?>
<Project ToolsVersion="4.0" xmlns="http://schemas.microsoft.com/developer/msbuild/2003">
  <ItemGroup>
    <Filter Include="Source Files">
      <UniqueIdentifier>{4FC737F1-C7A5-4376-A066-2A32D752A2FF}</UniqueIdentifier>
      <Extensions>cpp;c;cc;cxx;c++;def;odl;idl;hpj;bat;asm;asmx</Extensions>
    </Filter>
    <Filter Include="Header Files">
      <UniqueIdentifier>{93995380-89BD-4b04-88EB-625FBE52EBFB}</UniqueIdentifier>
      <Extensions>h;hh;hpp;hxx;h++;hm;inl;inc;ipp;xsd</Extensions>
    </Filter>
    <Filter Include="Resource Files">
      <UniqueIdentifier>{67DA6AB6-F800-4c08-8B7A-83BB121AAD01}</UniqueIdentifier>
      <Extensions>rc;ico;cur;bmp;dlg;rc2;rct;bin;rgs;gif;jpg;jpeg;jpe;resx;tiff;tif;png;wav;mfcribbon-ms</Extensions>
    </Filter>
    <Filter Include="Engine">
      <UniqueIdentifier>{6aa18c12-6d65-4004-b56f-44a48027f124}</UniqueIdentifier>
    </Filter>
    <Filter Include="Config">
      <UniqueIdentifier>{00f6f8d7-877b-4c78-b0cd-37a5f2001005}</UniqueIdentifier>
    </Filter>
    <Filter Include="Main">
      <UniqueIdentifier>{45bbf225-5461-48fb-92ed-208af739d0bd}</UniqueIdentifier>
    </Filter>
    <Filter Include="Ball">
      <UniqueIdentifier>{c99e9a07-2a11-43e5-a49c-2c43691ff336}</UniqueIdentifier>
    </Filter>
    <Filter Include="Bonus">
      <UniqueIdentifier>{eec93f1b-e3bf-4f62-bc01-345338d50753}</UniqueIdentifier>
    </Filter>
    <Filter Include="Border">
      <UniqueIdentifier>{f00a4f93-a0e6-404a-b9ac-7ed20361dfbd}</UniqueIdentifier>
    </Filter>
    <Filter Include="Fade">
      <UniqueIdentifier>{4c29cac8-4163-4e5d-a886-e38061e07607}</UniqueIdentifier>
    </Filter>
    <Filter Include="Level">
      <UniqueIdentifier>{5f478aca-052c-404f-9c9e-184736f986e6}</UniqueIdentifier>
    </Filter>
    <Filter Include="Platform">
      <UniqueIdentifier>{ad8f4b04-6aa2-4da9-bba0-97c568b46ad0}</UniqueIdentifier>
    </Filter>
  </ItemGroup>
  <ItemGroup>
    <ClInclude Include="framework.h">
      <Filter>Header Files</Filter>
    </ClInclude>
    <ClInclude Include="targetver.h">
      <Filter>Header Files</Filter>
    </ClInclude>
    <ClInclude Include="Resource.h">
      <Filter>Header Files</Filter>
    </ClInclude>
    <ClInclude Include="Config.h">
      <Filter>Config</Filter>
    </ClInclude>
    <ClInclude Include="Engine.h">
      <Filter>Engine</Filter>
    </ClInclude>
    <ClInclude Include="Main.h">
      <Filter>Main</Filter>
    </ClInclude>
    <ClInclude Include="Bonus.h">
      <Filter>Bonus</Filter>
    </ClInclude>
    <ClInclude Include="Ball.h">
      <Filter>Ball</Filter>
    </ClInclude>
    <ClInclude Include="Fade.h">
      <Filter>Fade</Filter>
    </ClInclude>
    <ClInclude Include="Border.h">
      <Filter>Border</Filter>
    </ClInclude>
    <ClInclude Include="Level.h">
      <Filter>Level</Filter>
    </ClInclude>
    <ClInclude Include="Platform.h">
      <Filter>Platform</Filter>
    </ClInclude>
  </ItemGroup>
  <ItemGroup>
    <ResourceCompile Include="UNTITLED.rc">
      <Filter>Resource Files</Filter>
    </ResourceCompile>
  </ItemGroup>
  <ItemGroup>
    <Image Include="small.ico">
      <Filter>Resource Files</Filter>
    </Image>
    <Image Include="UNTITLED.ico">
      <Filter>Resource Files</Filter>
    </Image>
  </ItemGroup>
  <ItemGroup>
    <ClCompile Include="Config.cpp">
      <Filter>Config</Filter>
    </ClCompile>
    <ClCompile Include="Engine.cpp">
      <Filter>Engine</Filter>
    </ClCompile>
    <ClCompile Include="Main.cpp">
      <Filter>Main</Filter>
    </ClCompile>
    <ClCompile Include="Fade.cpp">
      <Filter>Fade</Filter>
    </ClCompile>
    <ClCompile Include="Border.cpp">
      <Filter>Border</Filter>
    </ClCompile>
    <ClCompile Include="Bonus.cpp">
      <Filter>Bonus</Filter>
    </ClCompile>
    <ClCompile Include="Ball.cpp">
      <Filter>Ball</Filter>
    </ClCompile>
    <ClCompile Include="Level.cpp">
      <Filter>Level</Filter>
    </ClCompile>
    <ClCompile Include="Platform.cpp">
      <Filter>Platform</Filter>
    </ClCompile>
    <ClCompile Include="Plan.cpp">
      <Filter>Source Files</Filter>
    </ClCompile>
  </ItemGroup>
</Project>